{
  "requires": true,
  "lockfileVersion": 1,
  "dependencies": {
    "vue": {
      "version": "2.6.14",
      "resolved": "https://registry.nlark.com/vue/download/vue-2.6.14.tgz",
      "integrity": "sha1-5RqlJQJQ1Wmj+606ilpofWA24jU="
    },
    "vue-hash-calendar": {
      "version": "1.3.15",
      "resolved": "https://registry.nlark.com/vue-hash-calendar/download/vue-hash-calendar-1.3.15.tgz",
      "integrity": "sha1-mIj7qKgcw68Hzywyuz8hS374Bf8=",
      "requires": {
        "vue": "^2.5.17"
      }
    }
  }
}
